// !$*UTF8*$!
{
	archiveVersion = 1;
	classes = {
	};
	objectVersion = 46;
	objects = {

/* Begin PBXBuildFile section */
		2220F7D212F5E4860058CE0D /* check_for_gpg.sh in Resources */ = {isa = PBXBuildFile; fileRef = 2220F7CD12F5E4860058CE0D /* check_for_gpg.sh */; };
		2220F7D312F5E4860058CE0D /* create_dmg.sh in Resources */ = {isa = PBXBuildFile; fileRef = 2220F7CE12F5E4860058CE0D /* create_dmg.sh */; };
		222FCA0E12F150D700B55D40 /* Icon.icns in Resources */ = {isa = PBXBuildFile; fileRef = 222FCA0D12F150D700B55D40 /* Icon.icns */; };
		2285BA5113FCF2D700CB623B /* gpgtools-autofix.sh in Resources */ = {isa = PBXBuildFile; fileRef = 2285BA5013FCF2D700CB623B /* gpgtools-autofix.sh */; };
		22E7F134120A149200EB0E77 /* GPGToolsPrefController.m in Sources */ = {isa = PBXBuildFile; fileRef = 22E7F132120A149200EB0E77 /* GPGToolsPrefController.m */; };
		3023814414D2D01300C242C1 /* GPGToolsPref.xib in Resources */ = {isa = PBXBuildFile; fileRef = 3023814614D2D01300C242C1 /* GPGToolsPref.xib */; };
		305723BA14C765A500E0AB51 /* Sparkle.framework in Frameworks */ = {isa = PBXBuildFile; fileRef = 305723B914C765A500E0AB51 /* Sparkle.framework */; };
		305723BB14C765B000E0AB51 /* Sparkle.framework in Copy Frameworks */ = {isa = PBXBuildFile; fileRef = 305723B914C765A500E0AB51 /* Sparkle.framework */; };
		305723D914C7742700E0AB51 /* dsa_pub.pem in Resources */ = {isa = PBXBuildFile; fileRef = 305723D814C7742700E0AB51 /* dsa_pub.pem */; };
		3060E6D813C9F92E0083CF14 /* Libmacgpg.framework in Copy Frameworks */ = {isa = PBXBuildFile; fileRef = 3060E6D313C9F9150083CF14 /* Libmacgpg.framework */; };
		30867B0114BC624D00194AA2 /* Security.framework in Frameworks */ = {isa = PBXBuildFile; fileRef = 30867B0014BC624D00194AA2 /* Security.framework */; };
		30C1E8E514D2D0FF0081E091 /* Credits.rtf in Resources */ = {isa = PBXBuildFile; fileRef = 3023814A14D2D02300C242C1 /* Credits.rtf */; };
		30C1E8E614D2D1100081E091 /* InfoPlist.strings in Resources */ = {isa = PBXBuildFile; fileRef = 3023814814D2D01F00C242C1 /* InfoPlist.strings */; };
		30D5314D13CA06FF0035AA8B /* GPGTools.png in Resources */ = {isa = PBXBuildFile; fileRef = 30D5314C13CA06FF0035AA8B /* GPGTools.png */; };
		30D5315E13CA09750035AA8B /* GPGToolsPref.h in Headers */ = {isa = PBXBuildFile; fileRef = F506C03C013D9D7901CA16C8 /* GPGToolsPref.h */; };
		30D5315F13CA09750035AA8B /* GPGToolsPrefController.h in Headers */ = {isa = PBXBuildFile; fileRef = 22E7F131120A149200EB0E77 /* GPGToolsPrefController.h */; };
		30D5316213CA09790035AA8B /* GPGTools_Prefix.pch in Headers */ = {isa = PBXBuildFile; fileRef = 22EE1F4812EE10EE0002556B /* GPGTools_Prefix.pch */; };
		30D5317D13CA0B130035AA8B /* Libmacgpg.framework in Frameworks */ = {isa = PBXBuildFile; fileRef = 3060E6D313C9F9150083CF14 /* Libmacgpg.framework */; };
		30F048F413EB570E00A428BC /* Keyservers.plist in Resources */ = {isa = PBXBuildFile; fileRef = 30F048F313EB570E00A428BC /* Keyservers.plist */; };
		4526411514FD4FD90025BD91 /* GPGIsUnselectedTransformer.h in Headers */ = {isa = PBXBuildFile; fileRef = 4526411314FD4FD90025BD91 /* GPGIsUnselectedTransformer.h */; };
		4526411614FD4FD90025BD91 /* GPGIsUnselectedTransformer.m in Sources */ = {isa = PBXBuildFile; fileRef = 4526411414FD4FD90025BD91 /* GPGIsUnselectedTransformer.m */; };
		8D202CF10486D31800D8A456 /* GPGToolsPref.m in Sources */ = {isa = PBXBuildFile; fileRef = F506C03D013D9D7901CA16C8 /* GPGToolsPref.m */; };
		8D202CF30486D31800D8A456 /* Cocoa.framework in Frameworks */ = {isa = PBXBuildFile; fileRef = 1058C7ADFEA557BF11CA2CBB /* Cocoa.framework */; };
		8D202CF40486D31800D8A456 /* PreferencePanes.framework in Frameworks */ = {isa = PBXBuildFile; fileRef = F506C035013D953901CA16C8 /* PreferencePanes.framework */; };
/* End PBXBuildFile section */

/* Begin PBXContainerItemProxy section */
		3060E6D213C9F9150083CF14 /* PBXContainerItemProxy */ = {
			isa = PBXContainerItemProxy;
			containerPortal = 3060E6CA13C9F9150083CF14 /* Libmacgpg.xcodeproj */;
			proxyType = 2;
			remoteGlobalIDString = 8DC2EF5B0486A6940098B216;
			remoteInfo = Libmacgpg;
		};
		3060E6D413C9F9150083CF14 /* PBXContainerItemProxy */ = {
			isa = PBXContainerItemProxy;
			containerPortal = 3060E6CA13C9F9150083CF14 /* Libmacgpg.xcodeproj */;
			proxyType = 2;
			remoteGlobalIDString = 30C8B38E139503A800F49AA1;
			remoteInfo = UnitTest;
		};
		3060E6EA13C9F9AB0083CF14 /* PBXContainerItemProxy */ = {
			isa = PBXContainerItemProxy;
			containerPortal = 3060E6CA13C9F9150083CF14 /* Libmacgpg.xcodeproj */;
			proxyType = 1;
			remoteGlobalIDString = 8DC2EF4F0486A6940098B216;
			remoteInfo = Libmacgpg;
		};
/* End PBXContainerItemProxy section */

/* Begin PBXCopyFilesBuildPhase section */
		3060E6DD13C9F9590083CF14 /* Copy Frameworks */ = {
			isa = PBXCopyFilesBuildPhase;
			buildActionMask = 2147483647;
			dstPath = "";
			dstSubfolderSpec = 10;
			files = (
				3060E6D813C9F92E0083CF14 /* Libmacgpg.framework in Copy Frameworks */,
				305723BB14C765B000E0AB51 /* Sparkle.framework in Copy Frameworks */,
			);
			name = "Copy Frameworks";
			runOnlyForDeploymentPostprocessing = 0;
		};
/* End PBXCopyFilesBuildPhase section */

/* Begin PBXFileReference section */
		089C1672FE841209C02AAC07 /* Foundation.framework */ = {isa = PBXFileReference; lastKnownFileType = wrapper.framework; name = Foundation.framework; path = /System/Library/Frameworks/Foundation.framework; sourceTree = "<absolute>"; };
		089C167FFE841241C02AAC07 /* AppKit.framework */ = {isa = PBXFileReference; lastKnownFileType = wrapper.framework; name = AppKit.framework; path = /System/Library/Frameworks/AppKit.framework; sourceTree = "<absolute>"; };
		1058C7ADFEA557BF11CA2CBB /* Cocoa.framework */ = {isa = PBXFileReference; lastKnownFileType = wrapper.framework; name = Cocoa.framework; path = /System/Library/Frameworks/Cocoa.framework; sourceTree = "<absolute>"; };
		2220F7CD12F5E4860058CE0D /* check_for_gpg.sh */ = {isa = PBXFileReference; fileEncoding = 4; lastKnownFileType = text.script.sh; path = check_for_gpg.sh; sourceTree = "<group>"; };
		2220F7CE12F5E4860058CE0D /* create_dmg.sh */ = {isa = PBXFileReference; fileEncoding = 4; lastKnownFileType = text.script.sh; path = create_dmg.sh; sourceTree = "<group>"; };
		2220F7CF12F5E4860058CE0D /* fix_gpg.sh */ = {isa = PBXFileReference; fileEncoding = 4; lastKnownFileType = text.script.sh; path = fix_gpg.sh; sourceTree = "<group>"; };
		2220F7D012F5E4860058CE0D /* fix_gpg_permissions.sh */ = {isa = PBXFileReference; fileEncoding = 4; lastKnownFileType = text.script.sh; path = fix_gpg_permissions.sh; sourceTree = "<group>"; };
		2220F7D112F5E4860058CE0D /* fix_gpgmail.sh */ = {isa = PBXFileReference; fileEncoding = 4; lastKnownFileType = text.script.sh; path = fix_gpgmail.sh; sourceTree = "<group>"; };
		222FCA0D12F150D700B55D40 /* Icon.icns */ = {isa = PBXFileReference; lastKnownFileType = image.icns; path = Icon.icns; sourceTree = "<group>"; };
		2285BA5013FCF2D700CB623B /* gpgtools-autofix.sh */ = {isa = PBXFileReference; lastKnownFileType = text.script.sh; name = "gpgtools-autofix.sh"; path = "Dependencies/GPGTools_Core/scripts/gpgtools-autofix.sh"; sourceTree = SOURCE_ROOT; };
		22E7F131120A149200EB0E77 /* GPGToolsPrefController.h */ = {isa = PBXFileReference; fileEncoding = 4; lastKnownFileType = sourcecode.c.h; name = GPGToolsPrefController.h; path = Source/GPGToolsPrefController.h; sourceTree = "<group>"; };
		22E7F132120A149200EB0E77 /* GPGToolsPrefController.m */ = {isa = PBXFileReference; fileEncoding = 4; lastKnownFileType = sourcecode.c.objc; name = GPGToolsPrefController.m; path = Source/GPGToolsPrefController.m; sourceTree = "<group>"; };
		22EE1F4812EE10EE0002556B /* GPGTools_Prefix.pch */ = {isa = PBXFileReference; fileEncoding = 4; lastKnownFileType = sourcecode.c.h; name = GPGTools_Prefix.pch; path = Source/GPGTools_Prefix.pch; sourceTree = "<group>"; };
		3023814514D2D01300C242C1 /* en */ = {isa = PBXFileReference; lastKnownFileType = file.xib; name = en; path = en.lproj/GPGToolsPref.xib; sourceTree = "<group>"; };
		3023814714D2D01F00C242C1 /* en */ = {isa = PBXFileReference; lastKnownFileType = text.plist.strings; name = en; path = en.lproj/InfoPlist.strings; sourceTree = "<group>"; };
		3023814914D2D02300C242C1 /* en */ = {isa = PBXFileReference; lastKnownFileType = text.rtf; name = en; path = en.lproj/Credits.rtf; sourceTree = "<group>"; };
		305723B914C765A500E0AB51 /* Sparkle.framework */ = {isa = PBXFileReference; lastKnownFileType = wrapper.framework; name = Sparkle.framework; path = Frameworks/Sparkle.framework; sourceTree = "<group>"; };
		305723D814C7742700E0AB51 /* dsa_pub.pem */ = {isa = PBXFileReference; fileEncoding = 4; lastKnownFileType = text; path = dsa_pub.pem; sourceTree = "<group>"; };
		3060E6CA13C9F9150083CF14 /* Libmacgpg.xcodeproj */ = {isa = PBXFileReference; lastKnownFileType = "wrapper.pb-project"; name = Libmacgpg.xcodeproj; path = Dependencies/Libmacgpg/Libmacgpg.xcodeproj; sourceTree = "<group>"; };
		30867B0014BC624D00194AA2 /* Security.framework */ = {isa = PBXFileReference; lastKnownFileType = wrapper.framework; name = Security.framework; path = System/Library/Frameworks/Security.framework; sourceTree = SDKROOT; };
		30C1E91714D2D2550081E091 /* en */ = {isa = PBXFileReference; lastKnownFileType = text.plist.strings; name = en; path = en.lproj/GPGToolsPref.xib.strings; sourceTree = "<group>"; };
		30D5314C13CA06FF0035AA8B /* GPGTools.png */ = {isa = PBXFileReference; lastKnownFileType = image.png; path = GPGTools.png; sourceTree = "<group>"; };
		30F048F313EB570E00A428BC /* Keyservers.plist */ = {isa = PBXFileReference; fileEncoding = 4; lastKnownFileType = text.plist.xml; path = Keyservers.plist; sourceTree = "<group>"; };
		4526411314FD4FD90025BD91 /* GPGIsUnselectedTransformer.h */ = {isa = PBXFileReference; fileEncoding = 4; lastKnownFileType = sourcecode.c.h; name = GPGIsUnselectedTransformer.h; path = Source/GPGIsUnselectedTransformer.h; sourceTree = "<group>"; };
		4526411414FD4FD90025BD91 /* GPGIsUnselectedTransformer.m */ = {isa = PBXFileReference; fileEncoding = 4; lastKnownFileType = sourcecode.c.objc; name = GPGIsUnselectedTransformer.m; path = Source/GPGIsUnselectedTransformer.m; sourceTree = "<group>"; };
		8D202CF70486D31800D8A456 /* Info.plist */ = {isa = PBXFileReference; fileEncoding = 4; lastKnownFileType = text.plist.xml; path = Info.plist; sourceTree = "<group>"; };
		8D202CF80486D31800D8A456 /* GPGPreferences.prefPane */ = {isa = PBXFileReference; explicitFileType = wrapper.cfbundle; includeInIndex = 0; path = GPGPreferences.prefPane; sourceTree = BUILT_PRODUCTS_DIR; };
		F506C035013D953901CA16C8 /* PreferencePanes.framework */ = {isa = PBXFileReference; lastKnownFileType = wrapper.framework; name = PreferencePanes.framework; path = /System/Library/Frameworks/PreferencePanes.framework; sourceTree = "<absolute>"; };
		F506C03C013D9D7901CA16C8 /* GPGToolsPref.h */ = {isa = PBXFileReference; fileEncoding = 4; lastKnownFileType = sourcecode.c.h; name = GPGToolsPref.h; path = Source/GPGToolsPref.h; sourceTree = "<group>"; };
		F506C03D013D9D7901CA16C8 /* GPGToolsPref.m */ = {isa = PBXFileReference; fileEncoding = 4; lastKnownFileType = sourcecode.c.objc; name = GPGToolsPref.m; path = Source/GPGToolsPref.m; sourceTree = "<group>"; };
/* End PBXFileReference section */

/* Begin PBXFrameworksBuildPhase section */
		8D202CF20486D31800D8A456 /* Frameworks */ = {
			isa = PBXFrameworksBuildPhase;
			buildActionMask = 2147483647;
			files = (
				30867B0114BC624D00194AA2 /* Security.framework in Frameworks */,
				30D5317D13CA0B130035AA8B /* Libmacgpg.framework in Frameworks */,
				8D202CF30486D31800D8A456 /* Cocoa.framework in Frameworks */,
				8D202CF40486D31800D8A456 /* PreferencePanes.framework in Frameworks */,
				305723BA14C765A500E0AB51 /* Sparkle.framework in Frameworks */,
			);
			runOnlyForDeploymentPostprocessing = 0;
		};
/* End PBXFrameworksBuildPhase section */

/* Begin PBXGroup section */
		089C166AFE841209C02AAC07 /* GPGMail */ = {
			isa = PBXGroup;
			children = (
				2220F7C512F5E4720058CE0D /* Dependencies */,
				08FB77AFFE84173DC02AAC07 /* Classes */,
				32DBCFA10370C40200C91783 /* Other Sources */,
				089C167CFE841241C02AAC07 /* Resources */,
				089C1671FE841209C02AAC07 /* Frameworks and Libraries */,
				19C28FB8FE9D52D311CA2CBB /* Products */,
			);
			name = GPGMail;
			sourceTree = "<group>";
		};
		089C1671FE841209C02AAC07 /* Frameworks and Libraries */ = {
			isa = PBXGroup;
			children = (
				1058C7ACFEA557BF11CA2CBB /* Linked Frameworks */,
				1058C7AEFEA557BF11CA2CBB /* Other Frameworks */,
			);
			name = "Frameworks and Libraries";
			sourceTree = "<group>";
		};
		089C167CFE841241C02AAC07 /* Resources */ = {
			isa = PBXGroup;
			children = (
				30D5312513C9FEF10035AA8B /* XIBs */,
				30D5312413C9FEEF0035AA8B /* Strings */,
				30D5312313C9FEE80035AA8B /* Images */,
				2285BA5013FCF2D700CB623B /* gpgtools-autofix.sh */,
				30F048F313EB570E00A428BC /* Keyservers.plist */,
				8D202CF70486D31800D8A456 /* Info.plist */,
				3023814A14D2D02300C242C1 /* Credits.rtf */,
				305723D814C7742700E0AB51 /* dsa_pub.pem */,
			);
			path = Resources;
			sourceTree = "<group>";
		};
		08FB77AFFE84173DC02AAC07 /* Classes */ = {
			isa = PBXGroup;
			children = (
				F506C03C013D9D7901CA16C8 /* GPGToolsPref.h */,
				F506C03D013D9D7901CA16C8 /* GPGToolsPref.m */,
				22E7F131120A149200EB0E77 /* GPGToolsPrefController.h */,
				22E7F132120A149200EB0E77 /* GPGToolsPrefController.m */,
				4526411314FD4FD90025BD91 /* GPGIsUnselectedTransformer.h */,
				4526411414FD4FD90025BD91 /* GPGIsUnselectedTransformer.m */,
			);
			name = Classes;
			sourceTree = "<group>";
		};
		1058C7ACFEA557BF11CA2CBB /* Linked Frameworks */ = {
			isa = PBXGroup;
			children = (
				305723B914C765A500E0AB51 /* Sparkle.framework */,
				30867B0014BC624D00194AA2 /* Security.framework */,
				1058C7ADFEA557BF11CA2CBB /* Cocoa.framework */,
				F506C035013D953901CA16C8 /* PreferencePanes.framework */,
			);
			name = "Linked Frameworks";
			sourceTree = "<group>";
		};
		1058C7AEFEA557BF11CA2CBB /* Other Frameworks */ = {
			isa = PBXGroup;
			children = (
				089C1672FE841209C02AAC07 /* Foundation.framework */,
				089C167FFE841241C02AAC07 /* AppKit.framework */,
			);
			name = "Other Frameworks";
			sourceTree = "<group>";
		};
		19C28FB8FE9D52D311CA2CBB /* Products */ = {
			isa = PBXGroup;
			children = (
				8D202CF80486D31800D8A456 /* GPGPreferences.prefPane */,
			);
			name = Products;
			sourceTree = "<group>";
		};
		2220F7C512F5E4720058CE0D /* Dependencies */ = {
			isa = PBXGroup;
			children = (
				3060E6CA13C9F9150083CF14 /* Libmacgpg.xcodeproj */,
				2220F7CC12F5E4860058CE0D /* scripts */,
			);
			name = Dependencies;
			sourceTree = "<group>";
		};
		2220F7CC12F5E4860058CE0D /* scripts */ = {
			isa = PBXGroup;
			children = (
				2220F7CD12F5E4860058CE0D /* check_for_gpg.sh */,
				2220F7CE12F5E4860058CE0D /* create_dmg.sh */,
				2220F7CF12F5E4860058CE0D /* fix_gpg.sh */,
				2220F7D012F5E4860058CE0D /* fix_gpg_permissions.sh */,
				2220F7D112F5E4860058CE0D /* fix_gpgmail.sh */,
			);
			name = scripts;
			path = Dependencies/GPGTools_Core/scripts;
			sourceTree = "<group>";
		};
		3060E6CB13C9F9150083CF14 /* Products */ = {
			isa = PBXGroup;
			children = (
				3060E6D313C9F9150083CF14 /* Libmacgpg.framework */,
				3060E6D513C9F9150083CF14 /* UnitTest.octest */,
			);
			name = Products;
			sourceTree = "<group>";
		};
		30D5312313C9FEE80035AA8B /* Images */ = {
			isa = PBXGroup;
			children = (
				222FCA0D12F150D700B55D40 /* Icon.icns */,
				30D5314C13CA06FF0035AA8B /* GPGTools.png */,
			);
			name = Images;
			sourceTree = "<group>";
		};
		30D5312413C9FEEF0035AA8B /* Strings */ = {
			isa = PBXGroup;
			children = (
				30C1E91614D2D2550081E091 /* GPGToolsPref.xib.strings */,
				3023814814D2D01F00C242C1 /* InfoPlist.strings */,
			);
			name = Strings;
			sourceTree = "<group>";
		};
		30D5312513C9FEF10035AA8B /* XIBs */ = {
			isa = PBXGroup;
			children = (
				3023814614D2D01300C242C1 /* GPGToolsPref.xib */,
			);
			name = XIBs;
			sourceTree = "<group>";
		};
		32DBCFA10370C40200C91783 /* Other Sources */ = {
			isa = PBXGroup;
			children = (
				22EE1F4812EE10EE0002556B /* GPGTools_Prefix.pch */,
			);
			name = "Other Sources";
			sourceTree = "<group>";
		};
/* End PBXGroup section */

/* Begin PBXHeadersBuildPhase section */
		30D5317313CA097E0035AA8B /* Headers */ = {
			isa = PBXHeadersBuildPhase;
			buildActionMask = 2147483647;
			files = (
				30D5316213CA09790035AA8B /* GPGTools_Prefix.pch in Headers */,
				30D5315E13CA09750035AA8B /* GPGToolsPref.h in Headers */,
				30D5315F13CA09750035AA8B /* GPGToolsPrefController.h in Headers */,
				4526411514FD4FD90025BD91 /* GPGIsUnselectedTransformer.h in Headers */,
			);
			runOnlyForDeploymentPostprocessing = 0;
		};
/* End PBXHeadersBuildPhase section */

/* Begin PBXNativeTarget section */
		8D202CE80486D31800D8A456 /* GPGPreferences */ = {
			isa = PBXNativeTarget;
			buildConfigurationList = 1DBD214808BA80EA00186707 /* Build configuration list for PBXNativeTarget "GPGPreferences" */;
			buildPhases = (
				30D5317313CA097E0035AA8B /* Headers */,
				8D202CEC0486D31800D8A456 /* Resources */,
				3060E6DD13C9F9590083CF14 /* Copy Frameworks */,
				8D202CF00486D31800D8A456 /* Sources */,
				8D202CF20486D31800D8A456 /* Frameworks */,
				30C1E8F614D2D1A50081E091 /* Localize XIBs */,
			);
			buildRules = (
			);
			dependencies = (
				3060E6EB13C9F9AB0083CF14 /* PBXTargetDependency */,
			);
			name = GPGPreferences;
			productInstallPath = "$(HOME)/Library/PreferencePanes";
			productName = GPGMail;
			productReference = 8D202CF80486D31800D8A456 /* GPGPreferences.prefPane */;
			productType = "com.apple.product-type.bundle";
		};
/* End PBXNativeTarget section */

/* Begin PBXProject section */
		089C1669FE841209C02AAC07 /* Project object */ = {
			isa = PBXProject;
			attributes = {
				BuildIndependentTargetsInParallel = YES;
				LastUpgradeCheck = 0420;
			};
			buildConfigurationList = 1DBD214C08BA80EA00186707 /* Build configuration list for PBXProject "GPGPreferences" */;
			compatibilityVersion = "Xcode 3.2";
			developmentRegion = English;
			hasScannedForEncodings = 1;
			knownRegions = (
				en,
			);
			mainGroup = 089C166AFE841209C02AAC07 /* GPGMail */;
			projectDirPath = "";
			projectReferences = (
				{
					ProductGroup = 3060E6CB13C9F9150083CF14 /* Products */;
					ProjectRef = 3060E6CA13C9F9150083CF14 /* Libmacgpg.xcodeproj */;
				},
			);
			projectRoot = "";
			targets = (
				8D202CE80486D31800D8A456 /* GPGPreferences */,
			);
		};
/* End PBXProject section */

/* Begin PBXReferenceProxy section */
		3060E6D313C9F9150083CF14 /* Libmacgpg.framework */ = {
			isa = PBXReferenceProxy;
			fileType = wrapper.framework;
			path = Libmacgpg.framework;
			remoteRef = 3060E6D213C9F9150083CF14 /* PBXContainerItemProxy */;
			sourceTree = BUILT_PRODUCTS_DIR;
		};
		3060E6D513C9F9150083CF14 /* UnitTest.octest */ = {
			isa = PBXReferenceProxy;
			fileType = wrapper.cfbundle;
			path = UnitTest.octest;
			remoteRef = 3060E6D413C9F9150083CF14 /* PBXContainerItemProxy */;
			sourceTree = BUILT_PRODUCTS_DIR;
		};
/* End PBXReferenceProxy section */

/* Begin PBXResourcesBuildPhase section */
		8D202CEC0486D31800D8A456 /* Resources */ = {
			isa = PBXResourcesBuildPhase;
			buildActionMask = 2147483647;
			files = (
				3023814414D2D01300C242C1 /* GPGToolsPref.xib in Resources */,
				30C1E8E614D2D1100081E091 /* InfoPlist.strings in Resources */,
				30F048F413EB570E00A428BC /* Keyservers.plist in Resources */,
				30C1E8E514D2D0FF0081E091 /* Credits.rtf in Resources */,
				30D5314D13CA06FF0035AA8B /* GPGTools.png in Resources */,
				222FCA0E12F150D700B55D40 /* Icon.icns in Resources */,
				305723D914C7742700E0AB51 /* dsa_pub.pem in Resources */,
				2285BA5113FCF2D700CB623B /* gpgtools-autofix.sh in Resources */,
				2220F7D212F5E4860058CE0D /* check_for_gpg.sh in Resources */,
				2220F7D312F5E4860058CE0D /* create_dmg.sh in Resources */,
			);
			runOnlyForDeploymentPostprocessing = 0;
		};
/* End PBXResourcesBuildPhase section */

/* Begin PBXShellScriptBuildPhase section */
		30C1E8F614D2D1A50081E091 /* Localize XIBs */ = {
			isa = PBXShellScriptBuildPhase;
			buildActionMask = 2147483647;
			files = (
			);
			inputPaths = (
			);
			name = "Localize XIBs";
			outputPaths = (
			);
			runOnlyForDeploymentPostprocessing = 0;
			shellPath = /bin/sh;
			shellScript = "pushd \"$SRCROOT\" > /dev/null\nalias localizeXIB=Dependencies/GPGTools_Core/bin/localizeXIB\n\n#localizeXIB Resources/en.lproj/GPGToolsPref.xib\n\npopd > /dev/null\n";
		};
/* End PBXShellScriptBuildPhase section */

/* Begin PBXSourcesBuildPhase section */
		8D202CF00486D31800D8A456 /* Sources */ = {
			isa = PBXSourcesBuildPhase;
			buildActionMask = 2147483647;
			files = (
				8D202CF10486D31800D8A456 /* GPGToolsPref.m in Sources */,
				22E7F134120A149200EB0E77 /* GPGToolsPrefController.m in Sources */,
				4526411614FD4FD90025BD91 /* GPGIsUnselectedTransformer.m in Sources */,
			);
			runOnlyForDeploymentPostprocessing = 0;
		};
/* End PBXSourcesBuildPhase section */

/* Begin PBXTargetDependency section */
		3060E6EB13C9F9AB0083CF14 /* PBXTargetDependency */ = {
			isa = PBXTargetDependency;
			name = Libmacgpg;
			targetProxy = 3060E6EA13C9F9AB0083CF14 /* PBXContainerItemProxy */;
		};
/* End PBXTargetDependency section */

/* Begin PBXVariantGroup section */
		3023814614D2D01300C242C1 /* GPGToolsPref.xib */ = {
			isa = PBXVariantGroup;
			children = (
				3023814514D2D01300C242C1 /* en */,
			);
			name = GPGToolsPref.xib;
			sourceTree = "<group>";
		};
		3023814814D2D01F00C242C1 /* InfoPlist.strings */ = {
			isa = PBXVariantGroup;
			children = (
				3023814714D2D01F00C242C1 /* en */,
			);
			name = InfoPlist.strings;
			sourceTree = "<group>";
		};
		3023814A14D2D02300C242C1 /* Credits.rtf */ = {
			isa = PBXVariantGroup;
			children = (
				3023814914D2D02300C242C1 /* en */,
			);
			name = Credits.rtf;
			sourceTree = "<group>";
		};
		30C1E91614D2D2550081E091 /* GPGToolsPref.xib.strings */ = {
			isa = PBXVariantGroup;
			children = (
				30C1E91714D2D2550081E091 /* en */,
			);
			name = GPGToolsPref.xib.strings;
			sourceTree = "<group>";
		};
/* End PBXVariantGroup section */

/* Begin XCBuildConfiguration section */
		1DBD214908BA80EA00186707 /* Debug */ = {
			isa = XCBuildConfiguration;
			buildSettings = {
				ARCHS = "$(ARCHS_STANDARD_32_64_BIT)";
				COPY_PHASE_STRIP = NO;
				FRAMEWORK_SEARCH_PATHS = (
					Dependencies/Libmacgpg/build/$BUILD_STYLE,
					"\"$(SRCROOT)/Frameworks\"",
				);
				GCC_DYNAMIC_NO_PIC = NO;
				GCC_MODEL_TUNING = G5;
				GCC_OPTIMIZATION_LEVEL = 0;
				GCC_PRECOMPILE_PREFIX_HEADER = YES;
				GCC_PREFIX_HEADER = Source/GPGTools_Prefix.pch;
				GCC_VERSION = com.apple.compilers.llvm.clang.1_0;
				INFOPLIST_FILE = Resources/Info.plist;
				INSTALL_PATH = "$(HOME)/Library/PreferencePanes";
				PRODUCT_NAME = GPGPreferences;
				SDKROOT = macosx10.7;
				VALID_ARCHS = "i386 x86_64";
				WRAPPER_EXTENSION = prefPane;
				ZERO_LINK = YES;
			};
			name = Debug;
		};
		1DBD214A08BA80EA00186707 /* Release */ = {
			isa = XCBuildConfiguration;
			buildSettings = {
				ARCHS = "$(ARCHS_STANDARD_32_64_BIT)";
				DEBUG_INFORMATION_FORMAT = "dwarf-with-dsym";
				FRAMEWORK_SEARCH_PATHS = (
					Dependencies/Libmacgpg/build/$BUILD_STYLE,
					"\"$(SRCROOT)/Frameworks\"",
				);
				GCC_MODEL_TUNING = G5;
				GCC_PRECOMPILE_PREFIX_HEADER = YES;
				GCC_PREFIX_HEADER = Source/GPGTools_Prefix.pch;
				GCC_VERSION = com.apple.compilers.llvm.clang.1_0;
				INFOPLIST_FILE = Resources/Info.plist;
				INSTALL_PATH = "$(HOME)/Library/PreferencePanes";
				PRODUCT_NAME = GPGPreferences;
				SDKROOT = macosx10.7;
				VALID_ARCHS = "i386 x86_64";
				WRAPPER_EXTENSION = prefPane;
			};
			name = Release;
		};
		1DBD214D08BA80EA00186707 /* Debug */ = {
			isa = XCBuildConfiguration;
			buildSettings = {
				ARCHS = (
					i386,
					x86_64,
					ppc,
				);
				DEAD_CODE_STRIPPING = YES;
				GCC_C_LANGUAGE_STANDARD = gnu99;
				GCC_ENABLE_OBJC_GC = supported;
				GCC_ENABLE_TRIGRAPHS = YES;
				GCC_VERSION = com.apple.compilers.llvm.clang.1_0;
				GCC_WARN_ABOUT_RETURN_TYPE = YES;
				GCC_WARN_UNUSED_VARIABLE = YES;
				LLVM_LTO = YES;
				MACOSX_DEPLOYMENT_TARGET = 10.6;
				ONLY_ACTIVE_ARCH = YES;
				SDKROOT = macosx;
				VALID_ARCHS = "ppc i386 x86_64";
			};
			name = Debug;
		};
		1DBD214E08BA80EA00186707 /* Release */ = {
			isa = XCBuildConfiguration;
			buildSettings = {
				ARCHS = (
					i386,
					x86_64,
					ppc,
				);
				DEAD_CODE_STRIPPING = YES;
				GCC_C_LANGUAGE_STANDARD = gnu99;
				GCC_ENABLE_OBJC_GC = supported;
				GCC_ENABLE_TRIGRAPHS = YES;
				GCC_VERSION = com.apple.compilers.llvm.clang.1_0;
				GCC_WARN_ABOUT_RETURN_TYPE = YES;
				GCC_WARN_UNUSED_VARIABLE = YES;
				LLVM_LTO = YES;
				MACOSX_DEPLOYMENT_TARGET = 10.6;
				ONLY_ACTIVE_ARCH = NO;
				SDKROOT = macosx;
				VALID_ARCHS = "ppc i386 x86_64";
			};
			name = Release;
		};
/* End XCBuildConfiguration section */

/* Begin XCConfigurationList section */
		1DBD214808BA80EA00186707 /* Build configuration list for PBXNativeTarget "GPGPreferences" */ = {
			isa = XCConfigurationList;
			buildConfigurations = (
				1DBD214908BA80EA00186707 /* Debug */,
				1DBD214A08BA80EA00186707 /* Release */,
			);
			defaultConfigurationIsVisible = 0;
			defaultConfigurationName = Release;
		};
		1DBD214C08BA80EA00186707 /* Build configuration list for PBXProject "GPGPreferences" */ = {
			isa = XCConfigurationList;
			buildConfigurations = (
				1DBD214D08BA80EA00186707 /* Debug */,
				1DBD214E08BA80EA00186707 /* Release */,
			);
			defaultConfigurationIsVisible = 0;
			defaultConfigurationName = Release;
		};
/* End XCConfigurationList section */
	};
	rootObject = 089C1669FE841209C02AAC07 /* Project object */;
}
