// !$*UTF8*$!
{
	archiveVersion = 1;
	classes = {
	};
	objectVersion = 46;
	objects = {

/* Begin PBXBuildFile section */
		3013BD2D1C96D0C6005744E5 /* GPGReportController.m in Sources */ = {isa = PBXBuildFile; fileRef = 3013BD2C1C96D0C6005744E5 /* GPGReportController.m */; };
		3013BD381C974A31005744E5 /* GPGWhiteView.m in Sources */ = {isa = PBXBuildFile; fileRef = 3013BD371C974A31005744E5 /* GPGWhiteView.m */; };
		3016A62C17522E0F00701881 /* gpgservices.png in Resources */ = {isa = PBXBuildFile; fileRef = 3016A62B17522E0F00701881 /* gpgservices.png */; };
		3016A62E1752300E00701881 /* GPGTools.iconset in Resources */ = {isa = PBXBuildFile; fileRef = 3016A62D1752300E00701881 /* GPGTools.iconset */; };
		3016A634175230CC00701881 /* gka-gray.png in Resources */ = {isa = PBXBuildFile; fileRef = 3016A62F175230CC00701881 /* gka-gray.png */; };
		3016A635175230CC00701881 /* gpgmail-gray.png in Resources */ = {isa = PBXBuildFile; fileRef = 3016A630175230CC00701881 /* gpgmail-gray.png */; };
		3016A637175230CC00701881 /* gpgservices-gray.png in Resources */ = {isa = PBXBuildFile; fileRef = 3016A632175230CC00701881 /* gpgservices-gray.png */; };
		3016A638175230CC00701881 /* macgpg2-gray.png in Resources */ = {isa = PBXBuildFile; fileRef = 3016A633175230CC00701881 /* macgpg2-gray.png */; };
		301C67A61ECB0406001F8933 /* GPGIntegerNumberFormatter.m in Sources */ = {isa = PBXBuildFile; fileRef = 301C67A51ECB0406001F8933 /* GPGIntegerNumberFormatter.m */; };
		3032EC931C63939900A4DFDB /* GPGDebugCollector.m in Sources */ = {isa = PBXBuildFile; fileRef = 3032EC921C63939900A4DFDB /* GPGDebugCollector.m */; };
		3056D055172D2EEA00CFC0FA /* Cocoa.framework in Frameworks */ = {isa = PBXBuildFile; fileRef = 3056D054172D2EEA00CFC0FA /* Cocoa.framework */; };
		3056D057172D2EEA00CFC0FA /* PreferencePanes.framework in Frameworks */ = {isa = PBXBuildFile; fileRef = 3056D056172D2EEA00CFC0FA /* PreferencePanes.framework */; };
		3056D092172D301D00CFC0FA /* GPGIsUnselectedTransformer.m in Sources */ = {isa = PBXBuildFile; fileRef = 3056D089172D301D00CFC0FA /* GPGIsUnselectedTransformer.m */; };
		3056D095172D301D00CFC0FA /* GPGToolsPref.m in Sources */ = {isa = PBXBuildFile; fileRef = 3056D08C172D301D00CFC0FA /* GPGToolsPref.m */; };
		3056D097172D301D00CFC0FA /* GPGToolsPrefController.m in Sources */ = {isa = PBXBuildFile; fileRef = 3056D08E172D301D00CFC0FA /* GPGToolsPrefController.m */; };
		3056D0A8172D305E00CFC0FA /* gka.png in Resources */ = {isa = PBXBuildFile; fileRef = 3056D0A1172D305E00CFC0FA /* gka.png */; };
		3056D0A9172D305E00CFC0FA /* gpgmail.png in Resources */ = {isa = PBXBuildFile; fileRef = 3056D0A2172D305E00CFC0FA /* gpgmail.png */; };
		3056D0AA172D305E00CFC0FA /* gpgprefs.png in Resources */ = {isa = PBXBuildFile; fileRef = 3056D0A3172D305E00CFC0FA /* gpgprefs.png */; };
		3056D0AE172D305E00CFC0FA /* macgpg2.png in Resources */ = {isa = PBXBuildFile; fileRef = 3056D0A7172D305E00CFC0FA /* macgpg2.png */; };
		3056D0B1172D306600CFC0FA /* GPGToolsPref.xib in Resources */ = {isa = PBXBuildFile; fileRef = 3056D0AF172D306600CFC0FA /* GPGToolsPref.xib */; };
		3056D0D0172D319400CFC0FA /* Security.framework in Frameworks */ = {isa = PBXBuildFile; fileRef = 3056D0CF172D319400CFC0FA /* Security.framework */; };
		307257A21D2D1E1600CD2ED6 /* WarningView.xib in Resources */ = {isa = PBXBuildFile; fileRef = 307257A41D2D1E1600CD2ED6 /* WarningView.xib */; };
		307257A51D2D1E8700CD2ED6 /* Localizable.strings in Resources */ = {isa = PBXBuildFile; fileRef = 307257A71D2D1E8700CD2ED6 /* Localizable.strings */; };
		307257B01D2D1F2800CD2ED6 /* Credits.rtf in Resources */ = {isa = PBXBuildFile; fileRef = 307257AF1D2D1F2800CD2ED6 /* Credits.rtf */; };
		30781C711D36486500A771AC /* Info.plist in Resources */ = {isa = PBXBuildFile; fileRef = 3056D09D172D304E00CFC0FA /* Info.plist */; };
		307B751A1CB2A31C00002ACF /* GPGPreferencesTerms.searchTerms in Resources */ = {isa = PBXBuildFile; fileRef = 307B75191CB2A31C00002ACF /* GPGPreferencesTerms.searchTerms */; };
		30B455FF172D7BB500A04D4A /* Libmacgpg.framework in Frameworks */ = {isa = PBXBuildFile; fileRef = 30B455FE172D7BB500A04D4A /* Libmacgpg.framework */; settings = {ATTRIBUTES = (Weak, ); }; };
		30B7416917A2EFC100E1D157 /* GPGTools+Text.png in Resources */ = {isa = PBXBuildFile; fileRef = 30B7416817A2EFC100E1D157 /* GPGTools+Text.png */; };
/* End PBXBuildFile section */

/* Begin PBXContainerItemProxy section */
		1B3EAB311A975FD3005A444E /* PBXContainerItemProxy */ = {
			isa = PBXContainerItemProxy;
			containerPortal = 301AE8CC17A1997F00CD277F /* Libmacgpg.xcodeproj */;
			proxyType = 2;
			remoteGlobalIDString = 8DC2EF5B0486A6940098B216;
			remoteInfo = Libmacgpg;
		};
		1B3EAB351A975FD3005A444E /* PBXContainerItemProxy */ = {
			isa = PBXContainerItemProxy;
			containerPortal = 301AE8CC17A1997F00CD277F /* Libmacgpg.xcodeproj */;
			proxyType = 2;
			remoteGlobalIDString = 1B46CFCC161555DF00CF9C5F;
			remoteInfo = org.gpgtools.Libmacgpg.xpc;
		};
		1B3EAB391A975FD3005A444E /* PBXContainerItemProxy */ = {
			isa = PBXContainerItemProxy;
			containerPortal = 301AE8CC17A1997F00CD277F /* Libmacgpg.xcodeproj */;
			proxyType = 2;
			remoteGlobalIDString = 1BD78B9F1726B2820005F251;
			remoteInfo = LeakFinder;
		};
		1BEC7A4C1A976E430006FAF6 /* PBXContainerItemProxy */ = {
			isa = PBXContainerItemProxy;
			containerPortal = 301AE8CC17A1997F00CD277F /* Libmacgpg.xcodeproj */;
			proxyType = 1;
			remoteGlobalIDString = 8DC2EF4F0486A6940098B216;
			remoteInfo = Libmacgpg;
		};
		3032EC8A1C637A3C00A4DFDB /* PBXContainerItemProxy */ = {
			isa = PBXContainerItemProxy;
			containerPortal = 301AE8CC17A1997F00CD277F /* Libmacgpg.xcodeproj */;
			proxyType = 2;
			remoteGlobalIDString = 30BE73BE1B54015C001A2137;
			remoteInfo = UnitTests;
		};
/* End PBXContainerItemProxy section */

/* Begin PBXFileReference section */
		3013BD2B1C96D0C6005744E5 /* GPGReportController.h */ = {isa = PBXFileReference; fileEncoding = 4; lastKnownFileType = sourcecode.c.h; path = GPGReportController.h; sourceTree = "<group>"; };
		3013BD2C1C96D0C6005744E5 /* GPGReportController.m */ = {isa = PBXFileReference; fileEncoding = 4; lastKnownFileType = sourcecode.c.objc; path = GPGReportController.m; sourceTree = "<group>"; };
		3013BD361C974A31005744E5 /* GPGWhiteView.h */ = {isa = PBXFileReference; fileEncoding = 4; lastKnownFileType = sourcecode.c.h; path = GPGWhiteView.h; sourceTree = "<group>"; };
		3013BD371C974A31005744E5 /* GPGWhiteView.m */ = {isa = PBXFileReference; fileEncoding = 4; lastKnownFileType = sourcecode.c.objc; path = GPGWhiteView.m; sourceTree = "<group>"; };
		3016A62B17522E0F00701881 /* gpgservices.png */ = {isa = PBXFileReference; lastKnownFileType = image.png; name = gpgservices.png; path = Images/gpgservices.png; sourceTree = "<group>"; };
		3016A62D1752300E00701881 /* GPGTools.iconset */ = {isa = PBXFileReference; lastKnownFileType = folder.iconset; name = GPGTools.iconset; path = Images/GPGTools.iconset; sourceTree = "<group>"; };
		3016A62F175230CC00701881 /* gka-gray.png */ = {isa = PBXFileReference; lastKnownFileType = image.png; name = "gka-gray.png"; path = "Images/gka-gray.png"; sourceTree = "<group>"; };
		3016A630175230CC00701881 /* gpgmail-gray.png */ = {isa = PBXFileReference; lastKnownFileType = image.png; name = "gpgmail-gray.png"; path = "Images/gpgmail-gray.png"; sourceTree = "<group>"; };
		3016A632175230CC00701881 /* gpgservices-gray.png */ = {isa = PBXFileReference; lastKnownFileType = image.png; name = "gpgservices-gray.png"; path = "Images/gpgservices-gray.png"; sourceTree = "<group>"; };
		3016A633175230CC00701881 /* macgpg2-gray.png */ = {isa = PBXFileReference; lastKnownFileType = image.png; name = "macgpg2-gray.png"; path = "Images/macgpg2-gray.png"; sourceTree = "<group>"; };
		301AE8CC17A1997F00CD277F /* Libmacgpg.xcodeproj */ = {isa = PBXFileReference; lastKnownFileType = "wrapper.pb-project"; name = Libmacgpg.xcodeproj; path = Dependencies/Libmacgpg/Libmacgpg.xcodeproj; sourceTree = "<group>"; };
		301C67A41ECB0406001F8933 /* GPGIntegerNumberFormatter.h */ = {isa = PBXFileReference; fileEncoding = 4; lastKnownFileType = sourcecode.c.h; path = GPGIntegerNumberFormatter.h; sourceTree = "<group>"; };
		301C67A51ECB0406001F8933 /* GPGIntegerNumberFormatter.m */ = {isa = PBXFileReference; fileEncoding = 4; lastKnownFileType = sourcecode.c.objc; path = GPGIntegerNumberFormatter.m; sourceTree = "<group>"; };
		301EB4E71D2E879C00A50E38 /* de */ = {isa = PBXFileReference; lastKnownFileType = text.plist.strings; name = de; path = de.lproj/Localizable.strings; sourceTree = "<group>"; };
		301EB4EC1D2E87AC00A50E38 /* de */ = {isa = PBXFileReference; lastKnownFileType = text.plist.strings; name = de; path = de.lproj/GPGToolsPref.strings; sourceTree = "<group>"; };
		301EB4ED1D2E87AF00A50E38 /* de */ = {isa = PBXFileReference; lastKnownFileType = text.plist.strings; name = de; path = de.lproj/WarningView.strings; sourceTree = "<group>"; };
		3032EC911C63939900A4DFDB /* GPGDebugCollector.h */ = {isa = PBXFileReference; fileEncoding = 4; lastKnownFileType = sourcecode.c.h; path = GPGDebugCollector.h; sourceTree = "<group>"; };
		3032EC921C63939900A4DFDB /* GPGDebugCollector.m */ = {isa = PBXFileReference; fileEncoding = 4; lastKnownFileType = sourcecode.c.objc; path = GPGDebugCollector.m; sourceTree = "<group>"; };
		30543FAC1E449F130053D095 /* el */ = {isa = PBXFileReference; lastKnownFileType = text.plist.strings; name = el; path = el.lproj/Localizable.strings; sourceTree = "<group>"; };
		30543FB11E449F1B0053D095 /* es */ = {isa = PBXFileReference; lastKnownFileType = text.plist.strings; name = es; path = es.lproj/Localizable.strings; sourceTree = "<group>"; };
		30543FB21E449F200053D095 /* fa */ = {isa = PBXFileReference; lastKnownFileType = text.plist.strings; name = fa; path = fa.lproj/Localizable.strings; sourceTree = "<group>"; };
		30543FB31E449F280053D095 /* id */ = {isa = PBXFileReference; lastKnownFileType = text.plist.strings; name = id; path = id.lproj/Localizable.strings; sourceTree = "<group>"; };
		30543FB41E449F540053D095 /* id */ = {isa = PBXFileReference; lastKnownFileType = text.plist.strings; name = id; path = id.lproj/GPGToolsPref.strings; sourceTree = "<group>"; };
		30543FB61E449F550053D095 /* fa */ = {isa = PBXFileReference; lastKnownFileType = text.plist.strings; name = fa; path = fa.lproj/GPGToolsPref.strings; sourceTree = "<group>"; };
		30543FB71E449F5D0053D095 /* es */ = {isa = PBXFileReference; lastKnownFileType = text.plist.strings; name = es; path = es.lproj/GPGToolsPref.strings; sourceTree = "<group>"; };
		30543FB81E449F5F0053D095 /* el */ = {isa = PBXFileReference; lastKnownFileType = text.plist.strings; name = el; path = el.lproj/GPGToolsPref.strings; sourceTree = "<group>"; };
		30543FBA1E449F620053D095 /* fa */ = {isa = PBXFileReference; lastKnownFileType = text.plist.strings; name = fa; path = fa.lproj/WarningView.strings; sourceTree = "<group>"; };
		30543FBB1E449F650053D095 /* id */ = {isa = PBXFileReference; lastKnownFileType = text.plist.strings; name = id; path = id.lproj/WarningView.strings; sourceTree = "<group>"; };
		30543FBC1E449F670053D095 /* es */ = {isa = PBXFileReference; lastKnownFileType = text.plist.strings; name = es; path = es.lproj/WarningView.strings; sourceTree = "<group>"; };
		30543FBD1E449F680053D095 /* el */ = {isa = PBXFileReference; lastKnownFileType = text.plist.strings; name = el; path = el.lproj/WarningView.strings; sourceTree = "<group>"; };
		3056D051172D2EEA00CFC0FA /* GPGPreferences.prefPane */ = {isa = PBXFileReference; explicitFileType = wrapper.cfbundle; includeInIndex = 0; path = GPGPreferences.prefPane; sourceTree = BUILT_PRODUCTS_DIR; };
		3056D054172D2EEA00CFC0FA /* Cocoa.framework */ = {isa = PBXFileReference; lastKnownFileType = wrapper.framework; name = Cocoa.framework; path = System/Library/Frameworks/Cocoa.framework; sourceTree = SDKROOT; };
		3056D056172D2EEA00CFC0FA /* PreferencePanes.framework */ = {isa = PBXFileReference; lastKnownFileType = wrapper.framework; name = PreferencePanes.framework; path = System/Library/Frameworks/PreferencePanes.framework; sourceTree = SDKROOT; };
		3056D059172D2EEA00CFC0FA /* AppKit.framework */ = {isa = PBXFileReference; lastKnownFileType = wrapper.framework; name = AppKit.framework; path = System/Library/Frameworks/AppKit.framework; sourceTree = SDKROOT; };
		3056D05A172D2EEA00CFC0FA /* CoreData.framework */ = {isa = PBXFileReference; lastKnownFileType = wrapper.framework; name = CoreData.framework; path = System/Library/Frameworks/CoreData.framework; sourceTree = SDKROOT; };
		3056D05B172D2EEA00CFC0FA /* Foundation.framework */ = {isa = PBXFileReference; lastKnownFileType = wrapper.framework; name = Foundation.framework; path = System/Library/Frameworks/Foundation.framework; sourceTree = SDKROOT; };
		3056D088172D301D00CFC0FA /* GPGIsUnselectedTransformer.h */ = {isa = PBXFileReference; fileEncoding = 4; lastKnownFileType = sourcecode.c.h; path = GPGIsUnselectedTransformer.h; sourceTree = "<group>"; };
		3056D089172D301D00CFC0FA /* GPGIsUnselectedTransformer.m */ = {isa = PBXFileReference; fileEncoding = 4; lastKnownFileType = sourcecode.c.objc; path = GPGIsUnselectedTransformer.m; sourceTree = "<group>"; };
		3056D08B172D301D00CFC0FA /* GPGToolsPref.h */ = {isa = PBXFileReference; fileEncoding = 4; lastKnownFileType = sourcecode.c.h; path = GPGToolsPref.h; sourceTree = "<group>"; };
		3056D08C172D301D00CFC0FA /* GPGToolsPref.m */ = {isa = PBXFileReference; fileEncoding = 4; lastKnownFileType = sourcecode.c.objc; path = GPGToolsPref.m; sourceTree = "<group>"; };
		3056D08D172D301D00CFC0FA /* GPGToolsPrefController.h */ = {isa = PBXFileReference; fileEncoding = 4; lastKnownFileType = sourcecode.c.h; path = GPGToolsPrefController.h; sourceTree = "<group>"; };
		3056D08E172D301D00CFC0FA /* GPGToolsPrefController.m */ = {isa = PBXFileReference; fileEncoding = 4; lastKnownFileType = sourcecode.c.objc; path = GPGToolsPrefController.m; sourceTree = "<group>"; };
		3056D09D172D304E00CFC0FA /* Info.plist */ = {isa = PBXFileReference; fileEncoding = 4; lastKnownFileType = text.plist.xml; path = Info.plist; sourceTree = "<group>"; };
		3056D0A1172D305E00CFC0FA /* gka.png */ = {isa = PBXFileReference; lastKnownFileType = image.png; name = gka.png; path = Images/gka.png; sourceTree = "<group>"; };
		3056D0A2172D305E00CFC0FA /* gpgmail.png */ = {isa = PBXFileReference; lastKnownFileType = image.png; name = gpgmail.png; path = Images/gpgmail.png; sourceTree = "<group>"; };
		3056D0A3172D305E00CFC0FA /* gpgprefs.png */ = {isa = PBXFileReference; lastKnownFileType = image.png; name = gpgprefs.png; path = Images/gpgprefs.png; sourceTree = "<group>"; };
		3056D0A7172D305E00CFC0FA /* macgpg2.png */ = {isa = PBXFileReference; lastKnownFileType = image.png; name = macgpg2.png; path = Images/macgpg2.png; sourceTree = "<group>"; };
		3056D0CD172D312200CFC0FA /* GPGPreferences-Prefix.pch */ = {isa = PBXFileReference; fileEncoding = 4; lastKnownFileType = sourcecode.c.h; path = "GPGPreferences-Prefix.pch"; sourceTree = "<group>"; };
		3056D0CF172D319400CFC0FA /* Security.framework */ = {isa = PBXFileReference; lastKnownFileType = wrapper.framework; name = Security.framework; path = System/Library/Frameworks/Security.framework; sourceTree = SDKROOT; };
		3056D0D1172D31B500CFC0FA /* Sparkle.framework */ = {isa = PBXFileReference; lastKnownFileType = wrapper.framework; name = Sparkle.framework; path = Frameworks/Sparkle.framework; sourceTree = "<group>"; };
		3063FE701CBE6AEC00E3B255 /* ScriptingBridge.framework */ = {isa = PBXFileReference; lastKnownFileType = wrapper.framework; name = ScriptingBridge.framework; path = System/Library/Frameworks/ScriptingBridge.framework; sourceTree = SDKROOT; };
		307257A11D2D1DDA00CD2ED6 /* Base */ = {isa = PBXFileReference; lastKnownFileType = file.xib; name = Base; path = Base.lproj/GPGToolsPref.xib; sourceTree = "<group>"; };
		307257A31D2D1E1600CD2ED6 /* Base */ = {isa = PBXFileReference; lastKnownFileType = file.xib; name = Base; path = Base.lproj/WarningView.xib; sourceTree = "<group>"; };
		307257A61D2D1E8700CD2ED6 /* en */ = {isa = PBXFileReference; lastKnownFileType = text.plist.strings; name = en; path = en.lproj/Localizable.strings; sourceTree = "<group>"; };
		307257A91D2D1EA800CD2ED6 /* en */ = {isa = PBXFileReference; lastKnownFileType = text.plist.strings; name = en; path = en.lproj/WarningView.strings; sourceTree = "<group>"; };
		307257AB1D2D1EAC00CD2ED6 /* en */ = {isa = PBXFileReference; lastKnownFileType = text.plist.strings; name = en; path = en.lproj/GPGToolsPref.strings; sourceTree = "<group>"; };
		307257AF1D2D1F2800CD2ED6 /* Credits.rtf */ = {isa = PBXFileReference; fileEncoding = 4; lastKnownFileType = text.rtf; path = Credits.rtf; sourceTree = "<group>"; };
		30781C651D36485000A771AC /* ca */ = {isa = PBXFileReference; lastKnownFileType = text.plist.strings; name = ca; path = ca.lproj/Localizable.strings; sourceTree = "<group>"; };
		30781C6E1D36485900A771AC /* ca */ = {isa = PBXFileReference; lastKnownFileType = text.plist.strings; name = ca; path = ca.lproj/GPGToolsPref.strings; sourceTree = "<group>"; };
		30781C6F1D36485C00A771AC /* ca */ = {isa = PBXFileReference; lastKnownFileType = text.plist.strings; name = ca; path = ca.lproj/WarningView.strings; sourceTree = "<group>"; };
		30781C701D36486500A771AC /* fr */ = {isa = PBXFileReference; lastKnownFileType = text.plist.strings; name = fr; path = fr.lproj/Localizable.strings; sourceTree = "<group>"; };
		30781C731D36487400A771AC /* sv */ = {isa = PBXFileReference; lastKnownFileType = text.plist.strings; name = sv; path = sv.lproj/Localizable.strings; sourceTree = "<group>"; };
		30781C741D36489200A771AC /* fr */ = {isa = PBXFileReference; lastKnownFileType = text.plist.strings; name = fr; path = fr.lproj/GPGToolsPref.strings; sourceTree = "<group>"; };
		30781C771D36489500A771AC /* sv */ = {isa = PBXFileReference; lastKnownFileType = text.plist.strings; name = sv; path = sv.lproj/GPGToolsPref.strings; sourceTree = "<group>"; };
		30781C781D36489900A771AC /* fr */ = {isa = PBXFileReference; lastKnownFileType = text.plist.strings; name = fr; path = fr.lproj/WarningView.strings; sourceTree = "<group>"; };
		30781C7B1D36489C00A771AC /* sv */ = {isa = PBXFileReference; lastKnownFileType = text.plist.strings; name = sv; path = sv.lproj/WarningView.strings; sourceTree = "<group>"; };
		30781C841D36494800A771AC /* pt */ = {isa = PBXFileReference; lastKnownFileType = text.plist.strings; name = pt; path = pt.lproj/Localizable.strings; sourceTree = "<group>"; };
		30781C861D36496000A771AC /* pt */ = {isa = PBXFileReference; lastKnownFileType = text.plist.strings; name = pt; path = pt.lproj/GPGToolsPref.strings; sourceTree = "<group>"; };
		30781C881D36496600A771AC /* pt */ = {isa = PBXFileReference; lastKnownFileType = text.plist.strings; name = pt; path = pt.lproj/WarningView.strings; sourceTree = "<group>"; };
		30783F76214FA050000AF958 /* zh_CN */ = {isa = PBXFileReference; lastKnownFileType = text.plist.strings; name = zh_CN; path = zh_CN.lproj/GPGToolsPref.strings; sourceTree = "<group>"; };
		30783F78214FA052000AF958 /* zh_CN */ = {isa = PBXFileReference; lastKnownFileType = text.plist.strings; name = zh_CN; path = zh_CN.lproj/WarningView.strings; sourceTree = "<group>"; };
		307B75191CB2A31C00002ACF /* GPGPreferencesTerms.searchTerms */ = {isa = PBXFileReference; fileEncoding = 4; lastKnownFileType = text.xml; path = GPGPreferencesTerms.searchTerms; sourceTree = "<group>"; };
		30B455FE172D7BB500A04D4A /* Libmacgpg.framework */ = {isa = PBXFileReference; lastKnownFileType = wrapper.framework; name = Libmacgpg.framework; path = /Library/Frameworks/Libmacgpg.framework; sourceTree = "<absolute>"; };
		30B7416817A2EFC100E1D157 /* GPGTools+Text.png */ = {isa = PBXFileReference; lastKnownFileType = image.png; name = "GPGTools+Text.png"; path = "Images/GPGTools+Text.png"; sourceTree = "<group>"; };
		30CF1E49214F9F9000AB0F5E /* zh_CN */ = {isa = PBXFileReference; lastKnownFileType = text.plist.strings; name = zh_CN; path = zh_CN.lproj/Localizable.strings; sourceTree = "<group>"; };
		30CF1E4E214F9FA300AB0F5E /* ru */ = {isa = PBXFileReference; lastKnownFileType = text.plist.strings; name = ru; path = ru.lproj/Localizable.strings; sourceTree = "<group>"; };
		30CF1E4F214F9FA800AB0F5E /* ja */ = {isa = PBXFileReference; lastKnownFileType = text.plist.strings; name = ja; path = ja.lproj/Localizable.strings; sourceTree = "<group>"; };
		30CF1E50214F9FB100AB0F5E /* cs */ = {isa = PBXFileReference; lastKnownFileType = text.plist.strings; name = cs; path = cs.lproj/Localizable.strings; sourceTree = "<group>"; };
		30CF1E51214F9FC300AB0F5E /* ru */ = {isa = PBXFileReference; lastKnownFileType = text.plist.strings; name = ru; path = ru.lproj/WarningView.strings; sourceTree = "<group>"; };
		30CF1E54214F9FC800AB0F5E /* ja */ = {isa = PBXFileReference; lastKnownFileType = text.plist.strings; name = ja; path = ja.lproj/WarningView.strings; sourceTree = "<group>"; };
		30CF1E55214F9FC900AB0F5E /* cs */ = {isa = PBXFileReference; lastKnownFileType = text.plist.strings; name = cs; path = cs.lproj/WarningView.strings; sourceTree = "<group>"; };
		30CF1E56214F9FE500AB0F5E /* cs */ = {isa = PBXFileReference; lastKnownFileType = text.plist.strings; name = cs; path = cs.lproj/GPGToolsPref.strings; sourceTree = "<group>"; };
		30CF1E57214F9FE600AB0F5E /* ja */ = {isa = PBXFileReference; lastKnownFileType = text.plist.strings; name = ja; path = ja.lproj/GPGToolsPref.strings; sourceTree = "<group>"; };
		30CF1E58214F9FE700AB0F5E /* ru */ = {isa = PBXFileReference; lastKnownFileType = text.plist.strings; name = ru; path = ru.lproj/GPGToolsPref.strings; sourceTree = "<group>"; };
		30D0BEAD1EC9D15600875277 /* nb */ = {isa = PBXFileReference; lastKnownFileType = text.plist.strings; name = nb; path = nb.lproj/Localizable.strings; sourceTree = "<group>"; };
		30D0BEB21EC9D16F00875277 /* nb */ = {isa = PBXFileReference; lastKnownFileType = text.plist.strings; name = nb; path = nb.lproj/GPGToolsPref.strings; sourceTree = "<group>"; };
		30D0BEB31EC9D17D00875277 /* it */ = {isa = PBXFileReference; lastKnownFileType = text.plist.strings; name = it; path = it.lproj/Localizable.strings; sourceTree = "<group>"; };
		30D0BEB41EC9D18200875277 /* it */ = {isa = PBXFileReference; lastKnownFileType = text.plist.strings; name = it; path = it.lproj/GPGToolsPref.strings; sourceTree = "<group>"; };
		30D0BEB51EC9D18700875277 /* nb */ = {isa = PBXFileReference; lastKnownFileType = text.plist.strings; name = nb; path = nb.lproj/WarningView.strings; sourceTree = "<group>"; };
		30D0BEB61EC9D18900875277 /* it */ = {isa = PBXFileReference; lastKnownFileType = text.plist.strings; name = it; path = it.lproj/WarningView.strings; sourceTree = "<group>"; };
/* End PBXFileReference section */

/* Begin PBXFrameworksBuildPhase section */
		3056D04C172D2EEA00CFC0FA /* Frameworks */ = {
			isa = PBXFrameworksBuildPhase;
			buildActionMask = 2147483647;
			files = (
				30B455FF172D7BB500A04D4A /* Libmacgpg.framework in Frameworks */,
				3056D0D0172D319400CFC0FA /* Security.framework in Frameworks */,
				3056D055172D2EEA00CFC0FA /* Cocoa.framework in Frameworks */,
				3056D057172D2EEA00CFC0FA /* PreferencePanes.framework in Frameworks */,
			);
			runOnlyForDeploymentPostprocessing = 0;
		};
/* End PBXFrameworksBuildPhase section */

/* Begin PBXGroup section */
		1B3EAB2A1A975FD3005A444E /* Products */ = {
			isa = PBXGroup;
			children = (
				1B3EAB321A975FD3005A444E /* Libmacgpg.framework */,
				3032EC8B1C637A3C00A4DFDB /* UnitTests.xctest */,
				1B3EAB3A1A975FD3005A444E /* LeakFinder.app */,
				1B3EAB361A975FD3005A444E /* org.gpgtools.Libmacgpg.xpc */,
			);
			name = Products;
			sourceTree = "<group>";
		};
		3056D046172D2EEA00CFC0FA = {
			isa = PBXGroup;
			children = (
				301AE8CC17A1997F00CD277F /* Libmacgpg.xcodeproj */,
				3056D072172D2F8500CFC0FA /* Classes */,
				3056D073172D2FAF00CFC0FA /* Other Sources */,
				3056D074172D2FC300CFC0FA /* Resources */,
				3056D053172D2EEA00CFC0FA /* Frameworks */,
				3056D052172D2EEA00CFC0FA /* Products */,
			);
			sourceTree = "<group>";
		};
		3056D052172D2EEA00CFC0FA /* Products */ = {
			isa = PBXGroup;
			children = (
				3056D051172D2EEA00CFC0FA /* GPGPreferences.prefPane */,
			);
			name = Products;
			sourceTree = "<group>";
		};
		3056D053172D2EEA00CFC0FA /* Frameworks */ = {
			isa = PBXGroup;
			children = (
				3063FE701CBE6AEC00E3B255 /* ScriptingBridge.framework */,
				3056D054172D2EEA00CFC0FA /* Cocoa.framework */,
				3056D0CF172D319400CFC0FA /* Security.framework */,
				3056D056172D2EEA00CFC0FA /* PreferencePanes.framework */,
				3056D0D1172D31B500CFC0FA /* Sparkle.framework */,
				30B455FE172D7BB500A04D4A /* Libmacgpg.framework */,
				3056D058172D2EEA00CFC0FA /* Other Frameworks */,
			);
			name = Frameworks;
			sourceTree = "<group>";
		};
		3056D058172D2EEA00CFC0FA /* Other Frameworks */ = {
			isa = PBXGroup;
			children = (
				3056D059172D2EEA00CFC0FA /* AppKit.framework */,
				3056D05A172D2EEA00CFC0FA /* CoreData.framework */,
				3056D05B172D2EEA00CFC0FA /* Foundation.framework */,
			);
			name = "Other Frameworks";
			sourceTree = "<group>";
		};
		3056D072172D2F8500CFC0FA /* Classes */ = {
			isa = PBXGroup;
			children = (
				3056D08B172D301D00CFC0FA /* GPGToolsPref.h */,
				3056D08C172D301D00CFC0FA /* GPGToolsPref.m */,
				3056D08D172D301D00CFC0FA /* GPGToolsPrefController.h */,
				3056D08E172D301D00CFC0FA /* GPGToolsPrefController.m */,
				3013BD2B1C96D0C6005744E5 /* GPGReportController.h */,
				3013BD2C1C96D0C6005744E5 /* GPGReportController.m */,
				3032EC911C63939900A4DFDB /* GPGDebugCollector.h */,
				3032EC921C63939900A4DFDB /* GPGDebugCollector.m */,
				3013BD361C974A31005744E5 /* GPGWhiteView.h */,
				3013BD371C974A31005744E5 /* GPGWhiteView.m */,
				3056D088172D301D00CFC0FA /* GPGIsUnselectedTransformer.h */,
				3056D089172D301D00CFC0FA /* GPGIsUnselectedTransformer.m */,
				301C67A41ECB0406001F8933 /* GPGIntegerNumberFormatter.h */,
				301C67A51ECB0406001F8933 /* GPGIntegerNumberFormatter.m */,
			);
			name = Classes;
			path = Source;
			sourceTree = "<group>";
		};
		3056D073172D2FAF00CFC0FA /* Other Sources */ = {
			isa = PBXGroup;
			children = (
				3056D0CD172D312200CFC0FA /* GPGPreferences-Prefix.pch */,
			);
			name = "Other Sources";
			path = Source;
			sourceTree = "<group>";
		};
		3056D074172D2FC300CFC0FA /* Resources */ = {
			isa = PBXGroup;
			children = (
				3056D09C172D304100CFC0FA /* Images */,
				3056D0AF172D306600CFC0FA /* GPGToolsPref.xib */,
				307257A41D2D1E1600CD2ED6 /* WarningView.xib */,
				307257A71D2D1E8700CD2ED6 /* Localizable.strings */,
				3056D09D172D304E00CFC0FA /* Info.plist */,
				307B75191CB2A31C00002ACF /* GPGPreferencesTerms.searchTerms */,
				307257AF1D2D1F2800CD2ED6 /* Credits.rtf */,
			);
			path = Resources;
			sourceTree = "<group>";
		};
		3056D09C172D304100CFC0FA /* Images */ = {
			isa = PBXGroup;
			children = (
				3016A62D1752300E00701881 /* GPGTools.iconset */,
				3056D0A1172D305E00CFC0FA /* gka.png */,
				3056D0A2172D305E00CFC0FA /* gpgmail.png */,
				3056D0A3172D305E00CFC0FA /* gpgprefs.png */,
				3016A62B17522E0F00701881 /* gpgservices.png */,
				3056D0A7172D305E00CFC0FA /* macgpg2.png */,
				3016A62F175230CC00701881 /* gka-gray.png */,
				3016A630175230CC00701881 /* gpgmail-gray.png */,
				3016A632175230CC00701881 /* gpgservices-gray.png */,
				3016A633175230CC00701881 /* macgpg2-gray.png */,
				30B7416817A2EFC100E1D157 /* GPGTools+Text.png */,
			);
			name = Images;
			sourceTree = "<group>";
		};
/* End PBXGroup section */

/* Begin PBXNativeTarget section */
		3056D050172D2EEA00CFC0FA /* GPGPreferences */ = {
			isa = PBXNativeTarget;
			buildConfigurationList = 3056D06D172D2EEA00CFC0FA /* Build configuration list for PBXNativeTarget "GPGPreferences" */;
			buildPhases = (
				307257B31D2D208800CD2ED6 /* Update en.lproj from Base.lproj */,
				3056D04B172D2EEA00CFC0FA /* Sources */,
				3056D04C172D2EEA00CFC0FA /* Frameworks */,
				3056D04E172D2EEA00CFC0FA /* Resources */,
				3056D0DA172D330100CFC0FA /* Fill Info.plist */,
				1B49BC681A978529000440E9 /* Copy "How to get the source code" into Resources */,
				302E885B1E44A0A4000E8AB2 /* Install GPGPreferences */,
			);
			buildRules = (
			);
			dependencies = (
				1BEC7A4D1A976E430006FAF6 /* PBXTargetDependency */,
			);
			name = GPGPreferences;
			productName = GPGPreferences;
			productReference = 3056D051172D2EEA00CFC0FA /* GPGPreferences.prefPane */;
			productType = "com.apple.product-type.bundle";
		};
/* End PBXNativeTarget section */

/* Begin PBXProject section */
		3056D047172D2EEA00CFC0FA /* Project object */ = {
			isa = PBXProject;
			attributes = {
				LastUpgradeCheck = 0460;
				ORGANIZATIONNAME = GPGTools;
			};
			buildConfigurationList = 3056D04A172D2EEA00CFC0FA /* Build configuration list for PBXProject "GPGPreferences" */;
			compatibilityVersion = "Xcode 3.2";
			developmentRegion = English;
			hasScannedForEncodings = 0;
			knownRegions = (
				en,
				Base,
				de,
				ca,
				fr,
				pt,
				sv,
				el,
				es,
				fa,
				id,
				nb,
				it,
				zh_CN,
				ru,
				ja,
				cs,
			);
			mainGroup = 3056D046172D2EEA00CFC0FA;
			productRefGroup = 3056D052172D2EEA00CFC0FA /* Products */;
			projectDirPath = "";
			projectReferences = (
				{
					ProductGroup = 1B3EAB2A1A975FD3005A444E /* Products */;
					ProjectRef = 301AE8CC17A1997F00CD277F /* Libmacgpg.xcodeproj */;
				},
			);
			projectRoot = "";
			targets = (
				3056D050172D2EEA00CFC0FA /* GPGPreferences */,
			);
		};
/* End PBXProject section */

/* Begin PBXReferenceProxy section */
		1B3EAB321A975FD3005A444E /* Libmacgpg.framework */ = {
			isa = PBXReferenceProxy;
			fileType = wrapper.framework;
			path = Libmacgpg.framework;
			remoteRef = 1B3EAB311A975FD3005A444E /* PBXContainerItemProxy */;
			sourceTree = BUILT_PRODUCTS_DIR;
		};
		1B3EAB361A975FD3005A444E /* org.gpgtools.Libmacgpg.xpc */ = {
			isa = PBXReferenceProxy;
			fileType = "wrapper.xpc-service";
			path = org.gpgtools.Libmacgpg.xpc;
			remoteRef = 1B3EAB351A975FD3005A444E /* PBXContainerItemProxy */;
			sourceTree = BUILT_PRODUCTS_DIR;
		};
		1B3EAB3A1A975FD3005A444E /* LeakFinder.app */ = {
			isa = PBXReferenceProxy;
			fileType = wrapper.application;
			path = LeakFinder.app;
			remoteRef = 1B3EAB391A975FD3005A444E /* PBXContainerItemProxy */;
			sourceTree = BUILT_PRODUCTS_DIR;
		};
		3032EC8B1C637A3C00A4DFDB /* UnitTests.xctest */ = {
			isa = PBXReferenceProxy;
			fileType = wrapper.cfbundle;
			path = UnitTests.xctest;
			remoteRef = 3032EC8A1C637A3C00A4DFDB /* PBXContainerItemProxy */;
			sourceTree = BUILT_PRODUCTS_DIR;
		};
/* End PBXReferenceProxy section */

/* Begin PBXResourcesBuildPhase section */
		3056D04E172D2EEA00CFC0FA /* Resources */ = {
			isa = PBXResourcesBuildPhase;
			buildActionMask = 2147483647;
			files = (
				307257A21D2D1E1600CD2ED6 /* WarningView.xib in Resources */,
				30781C711D36486500A771AC /* Info.plist in Resources */,
				307B751A1CB2A31C00002ACF /* GPGPreferencesTerms.searchTerms in Resources */,
				3056D0A8172D305E00CFC0FA /* gka.png in Resources */,
				3056D0A9172D305E00CFC0FA /* gpgmail.png in Resources */,
				3056D0AA172D305E00CFC0FA /* gpgprefs.png in Resources */,
				3056D0AE172D305E00CFC0FA /* macgpg2.png in Resources */,
				3056D0B1172D306600CFC0FA /* GPGToolsPref.xib in Resources */,
				307257A51D2D1E8700CD2ED6 /* Localizable.strings in Resources */,
				30B7416917A2EFC100E1D157 /* GPGTools+Text.png in Resources */,
				3016A62C17522E0F00701881 /* gpgservices.png in Resources */,
				3016A62E1752300E00701881 /* GPGTools.iconset in Resources */,
				307257B01D2D1F2800CD2ED6 /* Credits.rtf in Resources */,
				3016A634175230CC00701881 /* gka-gray.png in Resources */,
				3016A635175230CC00701881 /* gpgmail-gray.png in Resources */,
				3016A637175230CC00701881 /* gpgservices-gray.png in Resources */,
				3016A638175230CC00701881 /* macgpg2-gray.png in Resources */,
			);
			runOnlyForDeploymentPostprocessing = 0;
		};
/* End PBXResourcesBuildPhase section */

/* Begin PBXShellScriptBuildPhase section */
		1B49BC681A978529000440E9 /* Copy "How to get the source code" into Resources */ = {
			isa = PBXShellScriptBuildPhase;
			buildActionMask = 2147483647;
			files = (
			);
			inputPaths = (
			);
			name = "Copy \"How to get the source code\" into Resources";
			outputPaths = (
			);
			runOnlyForDeploymentPostprocessing = 0;
			shellPath = /bin/sh;
			shellScript = "[[ -d \"$DEPLOY_RESOURCES_DIR\" ]] || exit 0\n \n HOWTO_PATH=\"$DEPLOY_RESOURCES_DIR/resources/How to get the source code\"\n cp \"$HOWTO_PATH\" \"$BUILT_PRODUCTS_DIR/$UNLOCALIZED_RESOURCES_FOLDER_PATH/\"";
			showEnvVarsInLog = 0;
		};
		302E885B1E44A0A4000E8AB2 /* Install GPGPreferences */ = {
			isa = PBXShellScriptBuildPhase;
			buildActionMask = 2147483647;
			files = (
			);
			inputPaths = (
			);
			name = "Install GPGPreferences";
			outputPaths = (
			);
			runOnlyForDeploymentPostprocessing = 0;
			shellPath = /bin/bash;
			shellScript = "###################################################\n# Install the bundle in ~/Library/PreferencePanes #\n###################################################\n\n[[ \"0$INSTALL_GPGPREFERENCES\" -eq 1 ]] || exit 0\n\n\nrm -fr \"$HOME/Library/PreferencePanes/$FULL_PRODUCT_NAME\"\n\n# Copy the Bundle\nmkdir -p \"$HOME/Library/PreferencePanes\"\ncp -RH \"$TARGET_BUILD_DIR/$FULL_PRODUCT_NAME\" \"$HOME/Library/PreferencePanes/\"\n";
			showEnvVarsInLog = 0;
		};
		3056D0DA172D330100CFC0FA /* Fill Info.plist */ = {
			isa = PBXShellScriptBuildPhase;
			buildActionMask = 2147483647;
			files = (
			);
			inputPaths = (
			);
			name = "Fill Info.plist";
			outputPaths = (
			);
			runOnlyForDeploymentPostprocessing = 0;
			shellPath = /bin/sh;
			shellScript = "if [[ -d \"$DEPLOY_RESOURCES_DIR\" ]] ;then\n    source \"$DEPLOY_RESOURCES_DIR/config/versioning.sh\"\nelse\n    source \"$SRCROOT/Version.config\"\nfi\n[[ -n \"$VERSION\" ]] || { echo \"Missing Version!\"; exit 1; }\n\n\n/usr/libexec/PlistBuddy \\\n  -c \"Set CommitHash '${COMMIT_HASH:--}'\" \\\n  -c \"Set BuildNumber '${BUILD_NUMBER:-0}'\" \\\n  -c \"Set CFBundleVersion '${BUILD_VERSION:-0n}'\" \\\n  -c \"Set CFBundleShortVersionString '$VERSION'\" \\\n  \"$BUILT_PRODUCTS_DIR/$INFOPLIST_PATH\" || exit 2\n";
			showEnvVarsInLog = 0;
		};
		307257B31D2D208800CD2ED6 /* Update en.lproj from Base.lproj */ = {
			isa = PBXShellScriptBuildPhase;
			buildActionMask = 2147483647;
			files = (
			);
			inputPaths = (
			);
			name = "Update en.lproj from Base.lproj";
			outputPaths = (
			);
			runOnlyForDeploymentPostprocessing = 0;
			shellPath = /bin/bash;
			shellScript = "[[ -d \"$DEPLOY_RESOURCES_DIR\" ]] || exit 0\n \"$DEPLOY_RESOURCES_DIR/scripts/updateStringsFiles.sh\" || exit 1\n";
			showEnvVarsInLog = 0;
		};
/* End PBXShellScriptBuildPhase section */

/* Begin PBXSourcesBuildPhase section */
		3056D04B172D2EEA00CFC0FA /* Sources */ = {
			isa = PBXSourcesBuildPhase;
			buildActionMask = 2147483647;
			files = (
				3013BD2D1C96D0C6005744E5 /* GPGReportController.m in Sources */,
				3032EC931C63939900A4DFDB /* GPGDebugCollector.m in Sources */,
				3013BD381C974A31005744E5 /* GPGWhiteView.m in Sources */,
				3056D092172D301D00CFC0FA /* GPGIsUnselectedTransformer.m in Sources */,
				3056D095172D301D00CFC0FA /* GPGToolsPref.m in Sources */,
				301C67A61ECB0406001F8933 /* GPGIntegerNumberFormatter.m in Sources */,
				3056D097172D301D00CFC0FA /* GPGToolsPrefController.m in Sources */,
			);
			runOnlyForDeploymentPostprocessing = 0;
		};
/* End PBXSourcesBuildPhase section */

/* Begin PBXTargetDependency section */
		1BEC7A4D1A976E430006FAF6 /* PBXTargetDependency */ = {
			isa = PBXTargetDependency;
			name = Libmacgpg;
			targetProxy = 1BEC7A4C1A976E430006FAF6 /* PBXContainerItemProxy */;
		};
/* End PBXTargetDependency section */

/* Begin PBXVariantGroup section */
		3056D0AF172D306600CFC0FA /* GPGToolsPref.xib */ = {
			isa = PBXVariantGroup;
			children = (
				307257A11D2D1DDA00CD2ED6 /* Base */,
				307257AB1D2D1EAC00CD2ED6 /* en */,
				301EB4EC1D2E87AC00A50E38 /* de */,
				30781C6E1D36485900A771AC /* ca */,
				30781C741D36489200A771AC /* fr */,
				30781C771D36489500A771AC /* sv */,
				30781C861D36496000A771AC /* pt */,
				30543FB41E449F540053D095 /* id */,
				30543FB61E449F550053D095 /* fa */,
				30543FB71E449F5D0053D095 /* es */,
				30543FB81E449F5F0053D095 /* el */,
				30D0BEB21EC9D16F00875277 /* nb */,
				30D0BEB41EC9D18200875277 /* it */,
				30CF1E56214F9FE500AB0F5E /* cs */,
				30CF1E57214F9FE600AB0F5E /* ja */,
				30CF1E58214F9FE700AB0F5E /* ru */,
				30783F76214FA050000AF958 /* zh_CN */,
			);
			name = GPGToolsPref.xib;
			sourceTree = "<group>";
		};
		307257A41D2D1E1600CD2ED6 /* WarningView.xib */ = {
			isa = PBXVariantGroup;
			children = (
				307257A31D2D1E1600CD2ED6 /* Base */,
				307257A91D2D1EA800CD2ED6 /* en */,
				301EB4ED1D2E87AF00A50E38 /* de */,
				30781C6F1D36485C00A771AC /* ca */,
				30781C781D36489900A771AC /* fr */,
				30781C7B1D36489C00A771AC /* sv */,
				30781C881D36496600A771AC /* pt */,
				30543FBA1E449F620053D095 /* fa */,
				30543FBB1E449F650053D095 /* id */,
				30543FBC1E449F670053D095 /* es */,
				30543FBD1E449F680053D095 /* el */,
				30D0BEB51EC9D18700875277 /* nb */,
				30D0BEB61EC9D18900875277 /* it */,
				30CF1E51214F9FC300AB0F5E /* ru */,
				30CF1E54214F9FC800AB0F5E /* ja */,
				30CF1E55214F9FC900AB0F5E /* cs */,
				30783F78214FA052000AF958 /* zh_CN */,
			);
			name = WarningView.xib;
			sourceTree = "<group>";
		};
		307257A71D2D1E8700CD2ED6 /* Localizable.strings */ = {
			isa = PBXVariantGroup;
			children = (
				307257A61D2D1E8700CD2ED6 /* en */,
				301EB4E71D2E879C00A50E38 /* de */,
				30781C651D36485000A771AC /* ca */,
				30781C701D36486500A771AC /* fr */,
				30781C731D36487400A771AC /* sv */,
				30781C841D36494800A771AC /* pt */,
				30543FAC1E449F130053D095 /* el */,
				30543FB11E449F1B0053D095 /* es */,
				30543FB21E449F200053D095 /* fa */,
				30543FB31E449F280053D095 /* id */,
				30D0BEAD1EC9D15600875277 /* nb */,
				30D0BEB31EC9D17D00875277 /* it */,
				30CF1E49214F9F9000AB0F5E /* zh_CN */,
				30CF1E4E214F9FA300AB0F5E /* ru */,
				30CF1E4F214F9FA800AB0F5E /* ja */,
				30CF1E50214F9FB100AB0F5E /* cs */,
			);
			name = Localizable.strings;
			sourceTree = "<group>";
		};
/* End PBXVariantGroup section */

/* Begin XCBuildConfiguration section */
		3056D06B172D2EEA00CFC0FA /* Debug */ = {
			isa = XCBuildConfiguration;
			buildSettings = {
				ALWAYS_SEARCH_USER_PATHS = NO;
				CLANG_CXX_LANGUAGE_STANDARD = "gnu++0x";
				CLANG_CXX_LIBRARY = "libc++";
				CLANG_WARN_CONSTANT_CONVERSION = YES;
				CLANG_WARN_EMPTY_BODY = YES;
				CLANG_WARN_ENUM_CONVERSION = YES;
				CLANG_WARN_INT_CONVERSION = YES;
				CLANG_WARN__DUPLICATE_METHOD_MATCH = YES;
				COPY_PHASE_STRIP = NO;
				DEPLOY_RESOURCES_DIR = "$(SRCROOT)/Dependencies/DeployResources";
				ENABLE_HARDENED_RUNTIME = YES;
				GCC_C_LANGUAGE_STANDARD = gnu99;
				GCC_DYNAMIC_NO_PIC = NO;
				GCC_ENABLE_OBJC_EXCEPTIONS = YES;
				GCC_OPTIMIZATION_LEVEL = 0;
				GCC_PREPROCESSOR_DEFINITIONS = (
					"DEBUG=1",
					"$(inherited)",
				);
				GCC_SYMBOLS_PRIVATE_EXTERN = NO;
				GCC_WARN_64_TO_32_BIT_CONVERSION = YES;
				GCC_WARN_ABOUT_RETURN_TYPE = YES;
				GCC_WARN_UNINITIALIZED_AUTOS = YES;
				GCC_WARN_UNUSED_VARIABLE = YES;
				MACOSX_DEPLOYMENT_TARGET = 10.12;
				ONLY_ACTIVE_ARCH = YES;
				SDKROOT = macosx;
			};
			name = Debug;
		};
		3056D06C172D2EEA00CFC0FA /* Release */ = {
			isa = XCBuildConfiguration;
			buildSettings = {
				ALWAYS_SEARCH_USER_PATHS = NO;
				CLANG_CXX_LANGUAGE_STANDARD = "gnu++0x";
				CLANG_CXX_LIBRARY = "libc++";
				CLANG_WARN_CONSTANT_CONVERSION = YES;
				CLANG_WARN_EMPTY_BODY = YES;
				CLANG_WARN_ENUM_CONVERSION = YES;
				CLANG_WARN_INT_CONVERSION = YES;
				CLANG_WARN__DUPLICATE_METHOD_MATCH = YES;
				COPY_PHASE_STRIP = YES;
				DEBUG_INFORMATION_FORMAT = "dwarf-with-dsym";
				DEPLOY_RESOURCES_DIR = "$(SRCROOT)/Dependencies/DeployResources";
				ENABLE_HARDENED_RUNTIME = YES;
				GCC_C_LANGUAGE_STANDARD = gnu99;
				GCC_ENABLE_OBJC_EXCEPTIONS = YES;
				GCC_GENERATE_DEBUGGING_SYMBOLS = NO;
				GCC_WARN_64_TO_32_BIT_CONVERSION = YES;
				GCC_WARN_ABOUT_RETURN_TYPE = YES;
				GCC_WARN_UNINITIALIZED_AUTOS = YES;
				GCC_WARN_UNUSED_VARIABLE = YES;
				LLVM_LTO = YES;
				MACOSX_DEPLOYMENT_TARGET = 10.12;
				SDKROOT = macosx;
			};
			name = Release;
		};
		3056D06E172D2EEA00CFC0FA /* Debug */ = {
			isa = XCBuildConfiguration;
			buildSettings = {
				COMBINE_HIDPI_IMAGES = YES;
				FRAMEWORK_SEARCH_PATHS = (
					/Library/Frameworks,
					"$(HOME)/Library/Frameworks",
					"\"$(SRCROOT)/Dependencies/Libmacgpg/build/$(CONFIGURATION)\"",
				);
				GCC_PRECOMPILE_PREFIX_HEADER = YES;
				GCC_PREFIX_HEADER = "Source/GPGPreferences-Prefix.pch";
				INFOPLIST_FILE = Resources/info.plist;
				INSTALL_GPGPREFERENCES = 1;
				INSTALL_PATH = "$(HOME)/Library/PreferencePanes";
				LD_RUNPATH_SEARCH_PATHS = "/Library/Frameworks $(HOME)/Library/Frameworks";
				PRODUCT_NAME = "${TARGET_NAME}";
				SDKROOT = Dependencies/MacOSX10.14.sdk;
				WRAPPER_EXTENSION = prefPane;
			};
			name = Debug;
		};
		3056D06F172D2EEA00CFC0FA /* Release */ = {
			isa = XCBuildConfiguration;
			buildSettings = {
				COMBINE_HIDPI_IMAGES = YES;
				FRAMEWORK_SEARCH_PATHS = (
					/Library/Frameworks,
					"$(HOME)/Library/Frameworks",
					"\"$(SRCROOT)/Dependencies/Libmacgpg/build/$(CONFIGURATION)\"",
				);
				GCC_PRECOMPILE_PREFIX_HEADER = YES;
				GCC_PREFIX_HEADER = "Source/GPGPreferences-Prefix.pch";
				GCC_PREPROCESSOR_DEFINITIONS = "CODE_SIGN_CHECK=$(CODE_SIGN)";
				INFOPLIST_FILE = Resources/info.plist;
				INSTALL_GPGPREFERENCES = "";
				INSTALL_PATH = "$(HOME)/Library/PreferencePanes";
				LD_RUNPATH_SEARCH_PATHS = "/Library/Frameworks $(HOME)/Library/Frameworks";
				PRODUCT_NAME = "${TARGET_NAME}";
				SDKROOT = Dependencies/MacOSX10.14.sdk;
				WRAPPER_EXTENSION = prefPane;
			};
			name = Release;
		};
/* End XCBuildConfiguration section */

/* Begin XCConfigurationList section */
		3056D04A172D2EEA00CFC0FA /* Build configuration list for PBXProject "GPGPreferences" */ = {
			isa = XCConfigurationList;
			buildConfigurations = (
				3056D06B172D2EEA00CFC0FA /* Debug */,
				3056D06C172D2EEA00CFC0FA /* Release */,
			);
			defaultConfigurationIsVisible = 0;
			defaultConfigurationName = Release;
		};
		3056D06D172D2EEA00CFC0FA /* Build configuration list for PBXNativeTarget "GPGPreferences" */ = {
			isa = XCConfigurationList;
			buildConfigurations = (
				3056D06E172D2EEA00CFC0FA /* Debug */,
				3056D06F172D2EEA00CFC0FA /* Release */,
			);
			defaultConfigurationIsVisible = 0;
			defaultConfigurationName = Release;
		};
/* End XCConfigurationList section */
	};
	rootObject = 3056D047172D2EEA00CFC0FA /* Project object */;
}
